// !$*UTF8*$!
{
	archiveVersion = 1;
	classes = {
	};
	objectVersion = 56;
	objects = {

/* Begin PBXBuildFile section */
		B695C5482B98E2F800ED4244 /* CookcademyApp.swift in Sources */ = {isa = PBXBuildFile; fileRef = B695C5472B98E2F800ED4244 /* CookcademyApp.swift */; };
		B695C54A2B98E2F800ED4244 /* ContentView.swift in Sources */ = {isa = PBXBuildFile; fileRef = B695C5492B98E2F800ED4244 /* ContentView.swift */; };
		B695C54C2B98E2F800ED4244 /* Item.swift in Sources */ = {isa = PBXBuildFile; fileRef = B695C54B2B98E2F800ED4244 /* Item.swift */; };
		B695C54E2B98E2FA00ED4244 /* Assets.xcassets in Resources */ = {isa = PBXBuildFile; fileRef = B695C54D2B98E2FA00ED4244 /* Assets.xcassets */; };
		B695C5512B98E2FA00ED4244 /* Preview Assets.xcassets in Resources */ = {isa = PBXBuildFile; fileRef = B695C5502B98E2FA00ED4244 /* Preview Assets.xcassets */; };
		B695C55B2B98E2FA00ED4244 /* CookcademyTests.swift in Sources */ = {isa = PBXBuildFile; fileRef = B695C55A2B98E2FA00ED4244 /* CookcademyTests.swift */; };
		B695C5652B98E2FA00ED4244 /* CookcademyUITests.swift in Sources */ = {isa = PBXBuildFile; fileRef = B695C5642B98E2FA00ED4244 /* CookcademyUITests.swift */; };
		B695C5672B98E2FA00ED4244 /* CookcademyUITestsLaunchTests.swift in Sources */ = {isa = PBXBuildFile; fileRef = B695C5662B98E2FA00ED4244 /* CookcademyUITestsLaunchTests.swift */; };
/* End PBXBuildFile section */

/* Begin PBXContainerItemProxy section */
		B695C5572B98E2FA00ED4244 /* PBXContainerItemProxy */ = {
			isa = PBXContainerItemProxy;
			containerPortal = B695C53C2B98E2F800ED4244 /* Project object */;
			proxyType = 1;
			remoteGlobalIDString = B695C5432B98E2F800ED4244;
			remoteInfo = Cookcademy;
		};
		B695C5612B98E2FA00ED4244 /* PBXContainerItemProxy */ = {
			isa = PBXContainerItemProxy;
			containerPortal = B695C53C2B98E2F800ED4244 /* Project object */;
			proxyType = 1;
			remoteGlobalIDString = B695C5432B98E2F800ED4244;
			remoteInfo = Cookcademy;
		};
/* End PBXContainerItemProxy section */

/* Begin PBXFileReference section */
		B695C5442B98E2F800ED4244 /* Cookcademy.app */ = {isa = PBXFileReference; explicitFileType = wrapper.application; includeInIndex = 0; path = Cookcademy.app; sourceTree = BUILT_PRODUCTS_DIR; };
		B695C5472B98E2F800ED4244 /* CookcademyApp.swift */ = {isa = PBXFileReference; lastKnownFileType = sourcecode.swift; path = CookcademyApp.swift; sourceTree = "<group>"; };
		B695C5492B98E2F800ED4244 /* ContentView.swift */ = {isa = PBXFileReference; lastKnownFileType = sourcecode.swift; path = ContentView.swift; sourceTree = "<group>"; };
		B695C54B2B98E2F800ED4244 /* Item.swift */ = {isa = PBXFileReference; lastKnownFileType = sourcecode.swift; path = Item.swift; sourceTree = "<group>"; };
		B695C54D2B98E2FA00ED4244 /* Assets.xcassets */ = {isa = PBXFileReference; lastKnownFileType = folder.assetcatalog; path = Assets.xcassets; sourceTree = "<group>"; };
		B695C5502B98E2FA00ED4244 /* Preview Assets.xcassets */ = {isa = PBXFileReference; lastKnownFileType = folder.assetcatalog; path = "Preview Assets.xcassets"; sourceTree = "<group>"; };
		B695C5562B98E2FA00ED4244 /* CookcademyTests.xctest */ = {isa = PBXFileReference; explicitFileType = wrapper.cfbundle; includeInIndex = 0; path = CookcademyTests.xctest; sourceTree = BUILT_PRODUCTS_DIR; };
		B695C55A2B98E2FA00ED4244 /* CookcademyTests.swift */ = {isa = PBXFileReference; lastKnownFileType = sourcecode.swift; path = CookcademyTests.swift; sourceTree = "<group>"; };
		B695C5602B98E2FA00ED4244 /* CookcademyUITests.xctest */ = {isa = PBXFileReference; explicitFileType = wrapper.cfbundle; includeInIndex = 0; path = CookcademyUITests.xctest; sourceTree = BUILT_PRODUCTS_DIR; };
		B695C5642B98E2FA00ED4244 /* CookcademyUITests.swift */ = {isa = PBXFileReference; lastKnownFileType = sourcecode.swift; path = CookcademyUITests.swift; sourceTree = "<group>"; };
		B695C5662B98E2FA00ED4244 /* CookcademyUITestsLaunchTests.swift */ = {isa = PBXFileReference; lastKnownFileType = sourcecode.swift; path = CookcademyUITestsLaunchTests.swift; sourceTree = "<group>"; };
/* End PBXFileReference section */

/* Begin PBXFrameworksBuildPhase section */
		B695C5412B98E2F800ED4244 /* Frameworks */ = {
			isa = PBXFrameworksBuildPhase;
			buildActionMask = 2147483647;
			files = (
			);
			runOnlyForDeploymentPostprocessing = 0;
		};
		B695C5532B98E2FA00ED4244 /* Frameworks */ = {
			isa = PBXFrameworksBuildPhase;
			buildActionMask = 2147483647;
			files = (
			);
			runOnlyForDeploymentPostprocessing = 0;
		};
		B695C55D2B98E2FA00ED4244 /* Frameworks */ = {
			isa = PBXFrameworksBuildPhase;
			buildActionMask = 2147483647;
			files = (
			);
			runOnlyForDeploymentPostprocessing = 0;
		};
/* End PBXFrameworksBuildPhase section */

/* Begin PBXGroup section */
		B695C53B2B98E2F800ED4244 = {
			isa = PBXGroup;
			children = (
				B695C5462B98E2F800ED4244 /* Cookcademy */,
				B695C5592B98E2FA00ED4244 /* CookcademyTests */,
				B695C5632B98E2FA00ED4244 /* CookcademyUITests */,
				B695C5452B98E2F800ED4244 /* Products */,
			);
			sourceTree = "<group>";
		};
		B695C5452B98E2F800ED4244 /* Products */ = {
			isa = PBXGroup;
			children = (
				B695C5442B98E2F800ED4244 /* Cookcademy.app */,
				B695C5562B98E2FA00ED4244 /* CookcademyTests.xctest */,
				B695C5602B98E2FA00ED4244 /* CookcademyUITests.xctest */,
			);
			name = Products;
			sourceTree = "<group>";
		};
		B695C5462B98E2F800ED4244 /* Cookcademy */ = {
			isa = PBXGroup;
			children = (
				B695C5472B98E2F800ED4244 /* CookcademyApp.swift */,
				B695C5492B98E2F800ED4244 /* ContentView.swift */,
				B695C54B2B98E2F800ED4244 /* Item.swift */,
				B695C54D2B98E2FA00ED4244 /* Assets.xcassets */,
				B695C54F2B98E2FA00ED4244 /* Preview Content */,
			);
			path = Cookcademy;
			sourceTree = "<group>";
		};
		B695C54F2B98E2FA00ED4244 /* Preview Content */ = {
			isa = PBXGroup;
			children = (
				B695C5502B98E2FA00ED4244 /* Preview Assets.xcassets */,
			);
			path = "Preview Content";
			sourceTree = "<group>";
		};
		B695C5592B98E2FA00ED4244 /* CookcademyTests */ = {
			isa = PBXGroup;
			children = (
				B695C55A2B98E2FA00ED4244 /* CookcademyTests.swift */,
			);
			path = CookcademyTests;
			sourceTree = "<group>";
		};
		B695C5632B98E2FA00ED4244 /* CookcademyUITests */ = {
			isa = PBXGroup;
			children = (
				B695C5642B98E2FA00ED4244 /* CookcademyUITests.swift */,
				B695C5662B98E2FA00ED4244 /* CookcademyUITestsLaunchTests.swift */,
			);
			path = CookcademyUITests;
			sourceTree = "<group>";
		};
/* End PBXGroup section */

/* Begin PBXNativeTarget section */
		B695C5432B98E2F800ED4244 /* Cookcademy */ = {
			isa = PBXNativeTarget;
			buildConfigurationList = B695C56A2B98E2FA00ED4244 /* Build configuration list for PBXNativeTarget "Cookcademy" */;
			buildPhases = (
				B695C5402B98E2F800ED4244 /* Sources */,
				B695C5412B98E2F800ED4244 /* Frameworks */,
				B695C5422B98E2F800ED4244 /* Resources */,
			);
			buildRules = (
			);
			dependencies = (
			);
			name = Cookcademy;
			productName = Cookcademy;
			productReference = B695C5442B98E2F800ED4244 /* Cookcademy.app */;
			productType = "com.apple.product-type.application";
		};
		B695C5552B98E2FA00ED4244 /* CookcademyTests */ = {
			isa = PBXNativeTarget;
			buildConfigurationList = B695C56D2B98E2FA00ED4244 /* Build configuration list for PBXNativeTarget "CookcademyTests" */;
			buildPhases = (
				B695C5522B98E2FA00ED4244 /* Sources */,
				B695C5532B98E2FA00ED4244 /* Frameworks */,
				B695C5542B98E2FA00ED4244 /* Resources */,
			);
			buildRules = (
			);
			dependencies = (
				B695C5582B98E2FA00ED4244 /* PBXTargetDependency */,
			);
			name = CookcademyTests;
			productName = CookcademyTests;
			productReference = B695C5562B98E2FA00ED4244 /* CookcademyTests.xctest */;
			productType = "com.apple.product-type.bundle.unit-test";
		};
		B695C55F2B98E2FA00ED4244 /* CookcademyUITests */ = {
			isa = PBXNativeTarget;
			buildConfigurationList = B695C5702B98E2FA00ED4244 /* Build configuration list for PBXNativeTarget "CookcademyUITests" */;
			buildPhases = (
				B695C55C2B98E2FA00ED4244 /* Sources */,
				B695C55D2B98E2FA00ED4244 /* Frameworks */,
				B695C55E2B98E2FA00ED4244 /* Resources */,
			);
			buildRules = (
			);
			dependencies = (
				B695C5622B98E2FA00ED4244 /* PBXTargetDependency */,
			);
			name = CookcademyUITests;
			productName = CookcademyUITests;
			productReference = B695C5602B98E2FA00ED4244 /* CookcademyUITests.xctest */;
			productType = "com.apple.product-type.bundle.ui-testing";
		};
/* End PBXNativeTarget section */

/* Begin PBXProject section */
		B695C53C2B98E2F800ED4244 /* Project object */ = {
			isa = PBXProject;
			attributes = {
				BuildIndependentTargetsInParallel = 1;
				LastSwiftUpdateCheck = 1520;
				LastUpgradeCheck = 1520;
				TargetAttributes = {
					B695C5432B98E2F800ED4244 = {
						CreatedOnToolsVersion = 15.2;
					};
					B695C5552B98E2FA00ED4244 = {
						CreatedOnToolsVersion = 15.2;
						TestTargetID = B695C5432B98E2F800ED4244;
					};
					B695C55F2B98E2FA00ED4244 = {
						CreatedOnToolsVersion = 15.2;
						TestTargetID = B695C5432B98E2F800ED4244;
					};
				};
			};
			buildConfigurationList = B695C53F2B98E2F800ED4244 /* Build configuration list for PBXProject "Cookcademy" */;
			compatibilityVersion = "Xcode 14.0";
			developmentRegion = en;
			hasScannedForEncodings = 0;
			knownRegions = (
				en,
				Base,
			);
			mainGroup = B695C53B2B98E2F800ED4244;
			productRefGroup = B695C5452B98E2F800ED4244 /* Products */;
			projectDirPath = "";
			projectRoot = "";
			targets = (
				B695C5432B98E2F800ED4244 /* Cookcademy */,
				B695C5552B98E2FA00ED4244 /* CookcademyTests */,
				B695C55F2B98E2FA00ED4244 /* CookcademyUITests */,
			);
		};
/* End PBXProject section */

/* Begin PBXResourcesBuildPhase section */
		B695C5422B98E2F800ED4244 /* Resources */ = {
			isa = PBXResourcesBuildPhase;
			buildActionMask = 2147483647;
			files = (
				B695C5512B98E2FA00ED4244 /* Preview Assets.xcassets in Resources */,
				B695C54E2B98E2FA00ED4244 /* Assets.xcassets in Resources */,
			);
			runOnlyForDeploymentPostprocessing = 0;
		};
		B695C5542B98E2FA00ED4244 /* Resources */ = {
			isa = PBXResourcesBuildPhase;
			buildActionMask = 2147483647;
			files = (
			);
			runOnlyForDeploymentPostprocessing = 0;
		};
		B695C55E2B98E2FA00ED4244 /* Resources */ = {
			isa = PBXResourcesBuildPhase;
			buildActionMask = 2147483647;
			files = (
			);
			runOnlyForDeploymentPostprocessing = 0;
		};
/* End PBXResourcesBuildPhase section */

/* Begin PBXSourcesBuildPhase section */
		B695C5402B98E2F800ED4244 /* Sources */ = {
			isa = PBXSourcesBuildPhase;
			buildActionMask = 2147483647;
			files = (
				B695C54A2B98E2F800ED4244 /* ContentView.swift in Sources */,
				B695C54C2B98E2F800ED4244 /* Item.swift in Sources */,
				B695C5482B98E2F800ED4244 /* CookcademyApp.swift in Sources */,
			);
			runOnlyForDeploymentPostprocessing = 0;
		};
		B695C5522B98E2FA00ED4244 /* Sources */ = {
			isa = PBXSourcesBuildPhase;
			buildActionMask = 2147483647;
			files = (
				B695C55B2B98E2FA00ED4244 /* CookcademyTests.swift in Sources */,
			);
			runOnlyForDeploymentPostprocessing = 0;
		};
		B695C55C2B98E2FA00ED4244 /* Sources */ = {
			isa = PBXSourcesBuildPhase;
			buildActionMask = 2147483647;
			files = (
				B695C5652B98E2FA00ED4244 /* CookcademyUITests.swift in Sources */,
				B695C5672B98E2FA00ED4244 /* CookcademyUITestsLaunchTests.swift in Sources */,
			);
			runOnlyForDeploymentPostprocessing = 0;
		};
/* End PBXSourcesBuildPhase section */

/* Begin PBXTargetDependency section */
		B695C5582B98E2FA00ED4244 /* PBXTargetDependency */ = {
			isa = PBXTargetDependency;
			target = B695C5432B98E2F800ED4244 /* Cookcademy */;
			targetProxy = B695C5572B98E2FA00ED4244 /* PBXContainerItemProxy */;
		};
		B695C5622B98E2FA00ED4244 /* PBXTargetDependency */ = {
			isa = PBXTargetDependency;
			target = B695C5432B98E2F800ED4244 /* Cookcademy */;
			targetProxy = B695C5612B98E2FA00ED4244 /* PBXContainerItemProxy */;
		};
/* End PBXTargetDependency section */

/* Begin XCBuildConfiguration section */
		B695C5682B98E2FA00ED4244 /* Debug */ = {
			isa = XCBuildConfiguration;
			buildSettings = {
				ALWAYS_SEARCH_USER_PATHS = NO;
				ASSETCATALOG_COMPILER_GENERATE_SWIFT_ASSET_SYMBOL_EXTENSIONS = YES;
				CLANG_ANALYZER_NONNULL = YES;
				CLANG_ANALYZER_NUMBER_OBJECT_CONVERSION = YES_AGGRESSIVE;
				CLANG_CXX_LANGUAGE_STANDARD = "gnu++20";
				CLANG_ENABLE_MODULES = YES;
				CLANG_ENABLE_OBJC_ARC = YES;
				CLANG_ENABLE_OBJC_WEAK = YES;
				CLANG_WARN_BLOCK_CAPTURE_AUTORELEASING = YES;
				CLANG_WARN_BOOL_CONVERSION = YES;
				CLANG_WARN_COMMA = YES;
				CLANG_WARN_CONSTANT_CONVERSION = YES;
				CLANG_WARN_DEPRECATED_OBJC_IMPLEMENTATIONS = YES;
				CLANG_WARN_DIRECT_OBJC_ISA_USAGE = YES_ERROR;
				CLANG_WARN_DOCUMENTATION_COMMENTS = YES;
				CLANG_WARN_EMPTY_BODY = YES;
				CLANG_WARN_ENUM_CONVERSION = YES;
				CLANG_WARN_INFINITE_RECURSION = YES;
				CLANG_WARN_INT_CONVERSION = YES;
				CLANG_WARN_NON_LITERAL_NULL_CONVERSION = YES;
				CLANG_WARN_OBJC_IMPLICIT_RETAIN_SELF = YES;
				CLANG_WARN_OBJC_LITERAL_CONVERSION = YES;
				CLANG_WARN_OBJC_ROOT_CLASS = YES_ERROR;
				CLANG_WARN_QUOTED_INCLUDE_IN_FRAMEWORK_HEADER = YES;
				CLANG_WARN_RANGE_LOOP_ANALYSIS = YES;
				CLANG_WARN_STRICT_PROTOTYPES = YES;
				CLANG_WARN_SUSPICIOUS_MOVE = YES;
				CLANG_WARN_UNGUARDED_AVAILABILITY = YES_AGGRESSIVE;
				CLANG_WARN_UNREACHABLE_CODE = YES;
				CLANG_WARN__DUPLICATE_METHOD_MATCH = YES;
				COPY_PHASE_STRIP = NO;
				DEBUG_INFORMATION_FORMAT = dwarf;
				ENABLE_STRICT_OBJC_MSGSEND = YES;
				ENABLE_TESTABILITY = YES;
				ENABLE_USER_SCRIPT_SANDBOXING = YES;
				GCC_C_LANGUAGE_STANDARD = gnu17;
				GCC_DYNAMIC_NO_PIC = NO;
				GCC_NO_COMMON_BLOCKS = YES;
				GCC_OPTIMIZATION_LEVEL = 0;
				GCC_PREPROCESSOR_DEFINITIONS = (
					"DEBUG=1",
					"$(inherited)",
				);
				GCC_WARN_64_TO_32_BIT_CONVERSION = YES;
				GCC_WARN_ABOUT_RETURN_TYPE = YES_ERROR;
				GCC_WARN_UNDECLARED_SELECTOR = YES;
				GCC_WARN_UNINITIALIZED_AUTOS = YES_AGGRESSIVE;
				GCC_WARN_UNUSED_FUNCTION = YES;
				GCC_WARN_UNUSED_VARIABLE = YES;
				IPHONEOS_DEPLOYMENT_TARGET = 17.2;
				LOCALIZATION_PREFERS_STRING_CATALOGS = YES;
				MTL_ENABLE_DEBUG_INFO = INCLUDE_SOURCE;
				MTL_FAST_MATH = YES;
				ONLY_ACTIVE_ARCH = YES;
				SDKROOT = iphoneos;
				SWIFT_ACTIVE_COMPILATION_CONDITIONS = "DEBUG $(inherited)";
				SWIFT_OPTIMIZATION_LEVEL = "-Onone";
			};
			name = Debug;
		};
		B695C5692B98E2FA00ED4244 /* Release */ = {
			isa = XCBuildConfiguration;
			buildSettings = {
				ALWAYS_SEARCH_USER_PATHS = NO;
				ASSETCATALOG_COMPILER_GENERATE_SWIFT_ASSET_SYMBOL_EXTENSIONS = YES;
				CLANG_ANALYZER_NONNULL = YES;
				CLANG_ANALYZER_NUMBER_OBJECT_CONVERSION = YES_AGGRESSIVE;
				CLANG_CXX_LANGUAGE_STANDARD = "gnu++20";
				CLANG_ENABLE_MODULES = YES;
				CLANG_ENABLE_OBJC_ARC = YES;
				CLANG_ENABLE_OBJC_WEAK = YES;
				CLANG_WARN_BLOCK_CAPTURE_AUTORELEASING = YES;
				CLANG_WARN_BOOL_CONVERSION = YES;
				CLANG_WARN_COMMA = YES;
				CLANG_WARN_CONSTANT_CONVERSION = YES;
				CLANG_WARN_DEPRECATED_OBJC_IMPLEMENTATIONS = YES;
				CLANG_WARN_DIRECT_OBJC_ISA_USAGE = YES_ERROR;
				CLANG_WARN_DOCUMENTATION_COMMENTS = YES;
				CLANG_WARN_EMPTY_BODY = YES;
				CLANG_WARN_ENUM_CONVERSION = YES;
				CLANG_WARN_INFINITE_RECURSION = YES;
				CLANG_WARN_INT_CONVERSION = YES;
				CLANG_WARN_NON_LITERAL_NULL_CONVERSION = YES;
				CLANG_WARN_OBJC_IMPLICIT_RETAIN_SELF = YES;
				CLANG_WARN_OBJC_LITERAL_CONVERSION = YES;
				CLANG_WARN_OBJC_ROOT_CLASS = YES_ERROR;
				CLANG_WARN_QUOTED_INCLUDE_IN_FRAMEWORK_HEADER = YES;
				CLANG_WARN_RANGE_LOOP_ANALYSIS = YES;
				CLANG_WARN_STRICT_PROTOTYPES = YES;
				CLANG_WARN_SUSPICIOUS_MOVE = YES;
				CLANG_WARN_UNGUARDED_AVAILABILITY = YES_AGGRESSIVE;
				CLANG_WARN_UNREACHABLE_CODE = YES;
				CLANG_WARN__DUPLICATE_METHOD_MATCH = YES;
				COPY_PHASE_STRIP = NO;
				DEBUG_INFORMATION_FORMAT = "dwarf-with-dsym";
				ENABLE_NS_ASSERTIONS = NO;
				ENABLE_STRICT_OBJC_MSGSEND = YES;
				ENABLE_USER_SCRIPT_SANDBOXING = YES;
				GCC_C_LANGUAGE_STANDARD = gnu17;
				GCC_NO_COMMON_BLOCKS = YES;
				GCC_WARN_64_TO_32_BIT_CONVERSION = YES;
				GCC_WARN_ABOUT_RETURN_TYPE = YES_ERROR;
				GCC_WARN_UNDECLARED_SELECTOR = YES;
				GCC_WARN_UNINITIALIZED_AUTOS = YES_AGGRESSIVE;
				GCC_WARN_UNUSED_FUNCTION = YES;
				GCC_WARN_UNUSED_VARIABLE = YES;
				IPHONEOS_DEPLOYMENT_TARGET = 17.2;
				LOCALIZATION_PREFERS_STRING_CATALOGS = YES;
				MTL_ENABLE_DEBUG_INFO = NO;
				MTL_FAST_MATH = YES;
				SDKROOT = iphoneos;
				SWIFT_COMPILATION_MODE = wholemodule;
				VALIDATE_PRODUCT = YES;
			};
			name = Release;
		};
		B695C56B2B98E2FA00ED4244 /* Debug */ = {
			isa = XCBuildConfiguration;
			buildSettings = {
				ASSETCATALOG_COMPILER_APPICON_NAME = AppIcon;
				ASSETCATALOG_COMPILER_GLOBAL_ACCENT_COLOR_NAME = AccentColor;
				CODE_SIGN_STYLE = Automatic;
				CURRENT_PROJECT_VERSION = 1;
				DEVELOPMENT_ASSET_PATHS = "\"Cookcademy/Preview Content\"";
				ENABLE_PREVIEWS = YES;
				GENERATE_INFOPLIST_FILE = YES;
				INFOPLIST_KEY_UIApplicationSceneManifest_Generation = YES;
				INFOPLIST_KEY_UIApplicationSupportsIndirectInputEvents = YES;
				INFOPLIST_KEY_UILaunchScreen_Generation = YES;
				INFOPLIST_KEY_UISupportedInterfaceOrientations_iPad = "UIInterfaceOrientationPortrait UIInterfaceOrientationPortraitUpsideDown UIInterfaceOrientationLandscapeLeft UIInterfaceOrientationLandscapeRight";
				INFOPLIST_KEY_UISupportedInterfaceOrientations_iPhone = "UIInterfaceOrientationPortrait UIInterfaceOrientationLandscapeLeft UIInterfaceOrientationLandscapeRight";
				LD_RUNPATH_SEARCH_PATHS = (
					"$(inherited)",
					"@executable_path/Frameworks",
				);
				MARKETING_VERSION = 1.0;
				PRODUCT_BUNDLE_IDENTIFIER = phredTsui.Cookcademy;
				PRODUCT_NAME = "$(TARGET_NAME)";
				SWIFT_EMIT_LOC_STRINGS = YES;
				SWIFT_VERSION = 5.0;
				TARGETED_DEVICE_FAMILY = "1,2";
			};
			name = Debug;
		};
		B695C56C2B98E2FA00ED4244 /* Release */ = {
			isa = XCBuildConfiguration;
			buildSettings = {
				ASSETCATALOG_COMPILER_APPICON_NAME = AppIcon;
				ASSETCATALOG_COMPILER_GLOBAL_ACCENT_COLOR_NAME = AccentColor;
				CODE_SIGN_STYLE = Automatic;
				CURRENT_PROJECT_VERSION = 1;
				DEVELOPMENT_ASSET_PATHS = "\"Cookcademy/Preview Content\"";
				ENABLE_PREVIEWS = YES;
				GENERATE_INFOPLIST_FILE = YES;
				INFOPLIST_KEY_UIApplicationSceneManifest_Generation = YES;
				INFOPLIST_KEY_UIApplicationSupportsIndirectInputEvents = YES;
				INFOPLIST_KEY_UILaunchScreen_Generation = YES;
				INFOPLIST_KEY_UISupportedInterfaceOrientations_iPad = "UIInterfaceOrientationPortrait UIInterfaceOrientationPortraitUpsideDown UIInterfaceOrientationLandscapeLeft UIInterfaceOrientationLandscapeRight";
				INFOPLIST_KEY_UISupportedInterfaceOrientations_iPhone = "UIInterfaceOrientationPortrait UIInterfaceOrientationLandscapeLeft UIInterfaceOrientationLandscapeRight";
				LD_RUNPATH_SEARCH_PATHS = (
					"$(inherited)",
					"@executable_path/Frameworks",
				);
				MARKETING_VERSION = 1.0;
				PRODUCT_BUNDLE_IDENTIFIER = phredTsui.Cookcademy;
				PRODUCT_NAME = "$(TARGET_NAME)";
				SWIFT_EMIT_LOC_STRINGS = YES;
				SWIFT_VERSION = 5.0;
				TARGETED_DEVICE_FAMILY = "1,2";
			};
			name = Release;
		};
		B695C56E2B98E2FA00ED4244 /* Debug */ = {
			isa = XCBuildConfiguration;
			buildSettings = {
				ALWAYS_EMBED_SWIFT_STANDARD_LIBRARIES = YES;
				BUNDLE_LOADER = "$(TEST_HOST)";
				CODE_SIGN_STYLE = Automatic;
				CURRENT_PROJECT_VERSION = 1;
				GENERATE_INFOPLIST_FILE = YES;
				IPHONEOS_DEPLOYMENT_TARGET = 17.2;
				MARKETING_VERSION = 1.0;
				PRODUCT_BUNDLE_IDENTIFIER = phredTsui.CookcademyTests;
				PRODUCT_NAME = "$(TARGET_NAME)";
				SWIFT_EMIT_LOC_STRINGS = NO;
				SWIFT_VERSION = 5.0;
				TARGETED_DEVICE_FAMILY = "1,2";
				TEST_HOST = "$(BUILT_PRODUCTS_DIR)/Cookcademy.app/$(BUNDLE_EXECUTABLE_FOLDER_PATH)/Cookcademy";
			};
			name = Debug;
		};
		B695C56F2B98E2FA00ED4244 /* Release */ = {
			isa = XCBuildConfiguration;
			buildSettings = {
				ALWAYS_EMBED_SWIFT_STANDARD_LIBRARIES = YES;
				BUNDLE_LOADER = "$(TEST_HOST)";
				CODE_SIGN_STYLE = Automatic;
				CURRENT_PROJECT_VERSION = 1;
				GENERATE_INFOPLIST_FILE = YES;
				IPHONEOS_DEPLOYMENT_TARGET = 17.2;
				MARKETING_VERSION = 1.0;
				PRODUCT_BUNDLE_IDENTIFIER = phredTsui.CookcademyTests;
				PRODUCT_NAME = "$(TARGET_NAME)";
				SWIFT_EMIT_LOC_STRINGS = NO;
				SWIFT_VERSION = 5.0;
				TARGETED_DEVICE_FAMILY = "1,2";
				TEST_HOST = "$(BUILT_PRODUCTS_DIR)/Cookcademy.app/$(BUNDLE_EXECUTABLE_FOLDER_PATH)/Cookcademy";
			};
			name = Release;
		};
		B695C5712B98E2FA00ED4244 /* Debug */ = {
			isa = XCBuildConfiguration;
			buildSettings = {
				ALWAYS_EMBED_SWIFT_STANDARD_LIBRARIES = YES;
				CODE_SIGN_STYLE = Automatic;
				CURRENT_PROJECT_VERSION = 1;
				GENERATE_INFOPLIST_FILE = YES;
				MARKETING_VERSION = 1.0;
				PRODUCT_BUNDLE_IDENTIFIER = phredTsui.CookcademyUITests;
				PRODUCT_NAME = "$(TARGET_NAME)";
				SWIFT_EMIT_LOC_STRINGS = NO;
				SWIFT_VERSION = 5.0;
				TARGETED_DEVICE_FAMILY = "1,2";
				TEST_TARGET_NAME = Cookcademy;
			};
			name = Debug;
		};
		B695C5722B98E2FA00ED4244 /* Release */ = {
			isa = XCBuildConfiguration;
			buildSettings = {
				ALWAYS_EMBED_SWIFT_STANDARD_LIBRARIES = YES;
				CODE_SIGN_STYLE = Automatic;
				CURRENT_PROJECT_VERSION = 1;
				GENERATE_INFOPLIST_FILE = YES;
				MARKETING_VERSION = 1.0;
				PRODUCT_BUNDLE_IDENTIFIER = phredTsui.CookcademyUITests;
				PRODUCT_NAME = "$(TARGET_NAME)";
				SWIFT_EMIT_LOC_STRINGS = NO;
				SWIFT_VERSION = 5.0;
				TARGETED_DEVICE_FAMILY = "1,2";
				TEST_TARGET_NAME = Cookcademy;
			};
			name = Release;
		};
/* End XCBuildConfiguration section */

/* Begin XCConfigurationList section */
		B695C53F2B98E2F800ED4244 /* Build configuration list for PBXProject "Cookcademy" */ = {
			isa = XCConfigurationList;
			buildConfigurations = (
				B695C5682B98E2FA00ED4244 /* Debug */,
				B695C5692B98E2FA00ED4244 /* Release */,
			);
			defaultConfigurationIsVisible = 0;
			defaultConfigurationName = Release;
		};
		B695C56A2B98E2FA00ED4244 /* Build configuration list for PBXNativeTarget "Cookcademy" */ = {
			isa = XCConfigurationList;
			buildConfigurations = (
				B695C56B2B98E2FA00ED4244 /* Debug */,
				B695C56C2B98E2FA00ED4244 /* Release */,
			);
			defaultConfigurationIsVisible = 0;
			defaultConfigurationName = Release;
		};
		B695C56D2B98E2FA00ED4244 /* Build configuration list for PBXNativeTarget "CookcademyTests" */ = {
			isa = XCConfigurationList;
			buildConfigurations = (
				B695C56E2B98E2FA00ED4244 /* Debug */,
				B695C56F2B98E2FA00ED4244 /* Release */,
			);
			defaultConfigurationIsVisible = 0;
			defaultConfigurationName = Release;
		};
		B695C5702B98E2FA00ED4244 /* Build configuration list for PBXNativeTarget "CookcademyUITests" */ = {
			isa = XCConfigurationList;
			buildConfigurations = (
				B695C5712B98E2FA00ED4244 /* Debug */,
				B695C5722B98E2FA00ED4244 /* Release */,
			);
			defaultConfigurationIsVisible = 0;
			defaultConfigurationName = Release;
		};
/* End XCConfigurationList section */
	};
	rootObject = B695C53C2B98E2F800ED4244 /* Project object */;
}
